{
  "nodes": {
    "flake-utils": {
      "inputs": {
        "systems": "systems"
      },
      "locked": {
        "lastModified": 1731533236,
        "narHash": "sha256-l0KFg5HjrsfsO/JpG+r7fRrqm12kzFHyUHqHCVpMMbI=",
        "owner": "numtide",
        "repo": "flake-utils",
        "rev": "11707dc2f618dd54ca8739b309ec4fc024de578b",
        "type": "github"
      },
      "original": {
        "owner": "numtide",
        "repo": "flake-utils",
        "type": "github"
      }
    },
    "flake-utils_2": {
      "inputs": {
        "systems": "systems_2"
      },
      "locked": {
        "lastModified": 1731533236,
        "narHash": "sha256-l0KFg5HjrsfsO/JpG+r7fRrqm12kzFHyUHqHCVpMMbI=",
        "owner": "numtide",
        "repo": "flake-utils",
        "rev": "11707dc2f618dd54ca8739b309ec4fc024de578b",
        "type": "github"
      },
      "original": {
        "owner": "numtide",
        "repo": "flake-utils",
        "type": "github"
      }
    },
    "flake-utils_3": {
      "inputs": {
        "systems": "systems_3"
      },
      "locked": {
        "lastModified": 1710146030,
        "narHash": "sha256-SZ5L6eA7HJ/nmkzGG7/ISclqe6oZdOZTNoesiInkXPQ=",
        "owner": "numtide",
        "repo": "flake-utils",
        "rev": "b1d9ab70662946ef0850d488da1c9019f3a9752a",
        "type": "github"
      },
      "original": {
        "owner": "numtide",
        "repo": "flake-utils",
        "type": "github"
      }
    },
    "flake-utils_4": {
      "inputs": {
        "systems": "systems_4"
      },
      "locked": {
        "lastModified": 1710146030,
        "narHash": "sha256-SZ5L6eA7HJ/nmkzGG7/ISclqe6oZdOZTNoesiInkXPQ=",
        "owner": "numtide",
        "repo": "flake-utils",
        "rev": "b1d9ab70662946ef0850d488da1c9019f3a9752a",
        "type": "github"
      },
      "original": {
        "owner": "numtide",
        "repo": "flake-utils",
        "type": "github"
      }
    },
    "nixpkgs": {
      "locked": {
        "lastModified": 1731676054,
        "narHash": "sha256-OZiZ3m8SCMfh3B6bfGC/Bm4x3qc1m2SVEAlkV6iY7Yg=",
        "owner": "NixOS",
        "repo": "nixpkgs",
        "rev": "5e4fbfb6b3de1aa2872b76d49fafc942626e2add",
        "type": "github"
      },
      "original": {
        "owner": "NixOS",
        "ref": "nixos-unstable",
        "repo": "nixpkgs",
        "type": "github"
      }
    },
    "nixpkgs_2": {
      "locked": {
        "lastModified": 1731797254,
        "narHash": "sha256-df3dJApLPhd11AlueuoN0Q4fHo/hagP75LlM5K1sz9g=",
        "owner": "NixOS",
        "repo": "nixpkgs",
        "rev": "e8c38b73aeb218e27163376a2d617e61a2ad9b59",
        "type": "github"
      },
      "original": {
        "owner": "NixOS",
        "ref": "nixos-24.05",
        "repo": "nixpkgs",
        "type": "github"
      }
    },
    "nixpkgs_3": {
      "locked": {
        "lastModified": 1731652201,
        "narHash": "sha256-XUO0JKP1hlww0d7mm3kpmIr4hhtR4zicg5Wwes9cPMg=",
        "owner": "NixOS",
        "repo": "nixpkgs",
        "rev": "c21b77913ea840f8bcf9adf4c41cecc2abffd38d",
        "type": "github"
      },
      "original": {
        "owner": "NixOS",
        "ref": "nixos-24.05",
        "repo": "nixpkgs",
        "type": "github"
      }
    },
    "nixpkgs_4": {
      "locked": {
        "lastModified": 1723556749,
        "narHash": "sha256-+CHVZnTnIYRLYsARInHYoWkujzcRkLY/gXm3s5bE52o=",
        "owner": "NixOS",
        "repo": "nixpkgs",
        "rev": "4a92571f9207810b559c9eac203d1f4d79830073",
        "type": "github"
      },
      "original": {
        "owner": "NixOS",
        "ref": "nixos-24.05",
        "repo": "nixpkgs",
        "type": "github"
      }
    },
    "pico-ssd1306": {
      "inputs": {
        "flake-utils": "flake-utils_2",
        "nixpkgs": "nixpkgs_2"
      },
      "locked": {
        "lastModified": 1731874073,
        "narHash": "sha256-4BfSo4ul3/a0oPYu4zCnIgsMwhwUCcwtL47Xh28bUAI=",
        "owner": "headblockhead",
        "repo": "pico-ssd1306",
        "rev": "b60a55e936265c3654ef75dce5c546a8e4fbbb83",
        "type": "github"
      },
      "original": {
        "owner": "headblockhead",
        "repo": "pico-ssd1306",
        "type": "github"
      }
    },
    "pico_pca9555": {
      "inputs": {
        "flake-utils": "flake-utils_3",
        "nixpkgs": "nixpkgs_3"
      },
      "locked": {
        "lastModified": 1731869960,
        "narHash": "sha256-zMLMhHDFLf9Vxxi/sn3u3sXflV9UTEwrDBZ0knZ5BrU=",
        "owner": "headblockhead",
        "repo": "pico-pca9555",
        "rev": "a9d7c1eac85b232ee0648668c28a6fb00f7bd60f",
        "type": "github"
      },
      "original": {
        "owner": "headblockhead",
        "repo": "pico-pca9555",
        "type": "github"
      }
    },
    "root": {
      "inputs": {
        "flake-utils": "flake-utils",
        "nixpkgs": "nixpkgs",
        "pico-ssd1306": "pico-ssd1306",
        "pico_pca9555": "pico_pca9555",
        "squirrel": "squirrel"
      }
    },
    "squirrel": {
      "inputs": {
        "flake-utils": "flake-utils_4",
        "nixpkgs": "nixpkgs_4"
      },
      "locked": {
        "lastModified": 1731871160,
        "narHash": "sha256-U0UrUqixvPWgVhtOf4TdIKSOAqrYL4JPWj7iwSE/kAk=",
        "owner": "headblockhead",
        "repo": "squirrel",
        "rev": "85ecc1de90bdb4f591c87287997310c3d285837a",
        "type": "github"
      },
      "original": {
        "owner": "headblockhead",
        "ref": "dev",
        "repo": "squirrel",
        "type": "github"
      }
    },
    "systems": {
      "locked": {
        "lastModified": 1681028828,
        "narHash": "sha256-Vy1rq5AaRuLzOxct8nz4T6wlgyUR7zLU309k9mBC768=",
        "owner": "nix-systems",
        "repo": "default",
        "rev": "da67096a3b9bf56a91d16901293e51ba5b49a27e",
        "type": "github"
      },
      "original": {
        "owner": "nix-systems",
        "repo": "default",
        "type": "github"
      }
    },
    "systems_2": {
      "locked": {
        "lastModified": 1681028828,
        "narHash": "sha256-Vy1rq5AaRuLzOxct8nz4T6wlgyUR7zLU309k9mBC768=",
        "owner": "nix-systems",
        "repo": "default",
        "rev": "da67096a3b9bf56a91d16901293e51ba5b49a27e",
        "type": "github"
      },
      "original": {
        "owner": "nix-systems",
        "repo": "default",
        "type": "github"
      }
    },
    "systems_3": {
      "locked": {
        "lastModified": 1681028828,
        "narHash": "sha256-Vy1rq5AaRuLzOxct8nz4T6wlgyUR7zLU309k9mBC768=",
        "owner": "nix-systems",
        "repo": "default",
        "rev": "da67096a3b9bf56a91d16901293e51ba5b49a27e",
        "type": "github"
      },
      "original": {
        "owner": "nix-systems",
        "repo": "default",
        "type": "github"
      }
    },
    "systems_4": {
      "locked": {
        "lastModified": 1681028828,
        "narHash": "sha256-Vy1rq5AaRuLzOxct8nz4T6wlgyUR7zLU309k9mBC768=",
        "owner": "nix-systems",
        "repo": "default",
        "rev": "da67096a3b9bf56a91d16901293e51ba5b49a27e",
        "type": "github"
      },
      "original": {
        "owner": "nix-systems",
        "repo": "default",
        "type": "github"
      }
    }
  },
  "root": "root",
  "version": 7
}
